// !$*UTF8*$!
{
	archiveVersion = 1;
	classes = {
	};
	objectVersion = 56;
	objects = {

/* Begin PBXBuildFile section */
		D325E0FE2BBF338E00415D28 /* SwiftCalApp.swift in Sources */ = {isa = PBXBuildFile; fileRef = D325E0FD2BBF338E00415D28 /* SwiftCalApp.swift */; };
		D325E1002BBF338E00415D28 /* CalendarView.swift in Sources */ = {isa = PBXBuildFile; fileRef = D325E0FF2BBF338E00415D28 /* CalendarView.swift */; };
		D325E1022BBF338F00415D28 /* Assets.xcassets in Resources */ = {isa = PBXBuildFile; fileRef = D325E1012BBF338F00415D28 /* Assets.xcassets */; };
		D325E1052BBF338F00415D28 /* Preview Assets.xcassets in Resources */ = {isa = PBXBuildFile; fileRef = D325E1042BBF338F00415D28 /* Preview Assets.xcassets */; };
		D325E1072BBF338F00415D28 /* Persistence.swift in Sources */ = {isa = PBXBuildFile; fileRef = D325E1062BBF338F00415D28 /* Persistence.swift */; };
		D325E10A2BBF338F00415D28 /* SwiftCal.xcdatamodeld in Sources */ = {isa = PBXBuildFile; fileRef = D325E1082BBF338F00415D28 /* SwiftCal.xcdatamodeld */; };
		D3439A292BC575B700DF882A /* Persistence.swift in Sources */ = {isa = PBXBuildFile; fileRef = D325E1062BBF338F00415D28 /* Persistence.swift */; };
		D3E9C30B2BC03A5400D10A65 /* Date+Ext.swift in Sources */ = {isa = PBXBuildFile; fileRef = D3E9C30A2BC03A5400D10A65 /* Date+Ext.swift */; };
		D3E9C30D2BC042B600D10A65 /* StreakView.swift in Sources */ = {isa = PBXBuildFile; fileRef = D3E9C30C2BC042B600D10A65 /* StreakView.swift */; };
		D3E9C3152BC0479C00D10A65 /* WidgetKit.framework in Frameworks */ = {isa = PBXBuildFile; fileRef = D3E9C3142BC0479C00D10A65 /* WidgetKit.framework */; };
		D3E9C3172BC0479C00D10A65 /* SwiftUI.framework in Frameworks */ = {isa = PBXBuildFile; fileRef = D3E9C3162BC0479C00D10A65 /* SwiftUI.framework */; };
		D3E9C31A2BC0479C00D10A65 /* SwiftCalWidgetBundle.swift in Sources */ = {isa = PBXBuildFile; fileRef = D3E9C3192BC0479C00D10A65 /* SwiftCalWidgetBundle.swift */; };
		D3E9C31C2BC0479C00D10A65 /* SwiftCalWidget.swift in Sources */ = {isa = PBXBuildFile; fileRef = D3E9C31B2BC0479C00D10A65 /* SwiftCalWidget.swift */; };
		D3E9C31E2BC0479D00D10A65 /* Assets.xcassets in Resources */ = {isa = PBXBuildFile; fileRef = D3E9C31D2BC0479D00D10A65 /* Assets.xcassets */; };
		D3E9C3222BC0479D00D10A65 /* SwiftCalWidgetExtension.appex in Embed Foundation Extensions */ = {isa = PBXBuildFile; fileRef = D3E9C3122BC0479C00D10A65 /* SwiftCalWidgetExtension.appex */; settings = {ATTRIBUTES = (RemoveHeadersOnCopy, ); }; };
		D3E9C32A2BC04F0400D10A65 /* CalendarHeaderView.swift in Sources */ = {isa = PBXBuildFile; fileRef = D3E9C3292BC04F0400D10A65 /* CalendarHeaderView.swift */; };
		D3E9C32B2BC04F0400D10A65 /* CalendarHeaderView.swift in Sources */ = {isa = PBXBuildFile; fileRef = D3E9C3292BC04F0400D10A65 /* CalendarHeaderView.swift */; };
		D3E9C32C2BC5744000D10A65 /* SwiftCal.xcdatamodeld in Sources */ = {isa = PBXBuildFile; fileRef = D325E1082BBF338F00415D28 /* SwiftCal.xcdatamodeld */; };
		D3E9C32D2BC5751700D10A65 /* Date+Ext.swift in Sources */ = {isa = PBXBuildFile; fileRef = D3E9C30A2BC03A5400D10A65 /* Date+Ext.swift */; };
/* End PBXBuildFile section */

/* Begin PBXContainerItemProxy section */
		D3E9C3202BC0479D00D10A65 /* PBXContainerItemProxy */ = {
			isa = PBXContainerItemProxy;
			containerPortal = D325E0F22BBF338E00415D28 /* Project object */;
			proxyType = 1;
			remoteGlobalIDString = D3E9C3112BC0479C00D10A65;
			remoteInfo = SwiftCalWidgetExtension;
		};
/* End PBXContainerItemProxy section */

/* Begin PBXCopyFilesBuildPhase section */
		D3E9C3262BC0479D00D10A65 /* Embed Foundation Extensions */ = {
			isa = PBXCopyFilesBuildPhase;
			buildActionMask = 2147483647;
			dstPath = "";
			dstSubfolderSpec = 13;
			files = (
				D3E9C3222BC0479D00D10A65 /* SwiftCalWidgetExtension.appex in Embed Foundation Extensions */,
			);
			name = "Embed Foundation Extensions";
			runOnlyForDeploymentPostprocessing = 0;
		};
/* End PBXCopyFilesBuildPhase section */

/* Begin PBXFileReference section */
		D325E0FA2BBF338E00415D28 /* SwiftCal.app */ = {isa = PBXFileReference; explicitFileType = wrapper.application; includeInIndex = 0; path = SwiftCal.app; sourceTree = BUILT_PRODUCTS_DIR; };
		D325E0FD2BBF338E00415D28 /* SwiftCalApp.swift */ = {isa = PBXFileReference; lastKnownFileType = sourcecode.swift; path = SwiftCalApp.swift; sourceTree = "<group>"; };
		D325E0FF2BBF338E00415D28 /* CalendarView.swift */ = {isa = PBXFileReference; lastKnownFileType = sourcecode.swift; path = CalendarView.swift; sourceTree = "<group>"; };
		D325E1012BBF338F00415D28 /* Assets.xcassets */ = {isa = PBXFileReference; lastKnownFileType = folder.assetcatalog; path = Assets.xcassets; sourceTree = "<group>"; };
		D325E1042BBF338F00415D28 /* Preview Assets.xcassets */ = {isa = PBXFileReference; lastKnownFileType = folder.assetcatalog; path = "Preview Assets.xcassets"; sourceTree = "<group>"; };
		D325E1062BBF338F00415D28 /* Persistence.swift */ = {isa = PBXFileReference; lastKnownFileType = sourcecode.swift; path = Persistence.swift; sourceTree = "<group>"; };
		D325E1092BBF338F00415D28 /* SwiftCal.xcdatamodel */ = {isa = PBXFileReference; lastKnownFileType = wrapper.xcdatamodel; path = SwiftCal.xcdatamodel; sourceTree = "<group>"; };
		D3E9C30A2BC03A5400D10A65 /* Date+Ext.swift */ = {isa = PBXFileReference; lastKnownFileType = sourcecode.swift; path = "Date+Ext.swift"; sourceTree = "<group>"; };
		D3E9C30C2BC042B600D10A65 /* StreakView.swift */ = {isa = PBXFileReference; lastKnownFileType = sourcecode.swift; path = StreakView.swift; sourceTree = "<group>"; };
		D3E9C3122BC0479C00D10A65 /* SwiftCalWidgetExtension.appex */ = {isa = PBXFileReference; explicitFileType = "wrapper.app-extension"; includeInIndex = 0; path = SwiftCalWidgetExtension.appex; sourceTree = BUILT_PRODUCTS_DIR; };
		D3E9C3142BC0479C00D10A65 /* WidgetKit.framework */ = {isa = PBXFileReference; lastKnownFileType = wrapper.framework; name = WidgetKit.framework; path = System/Library/Frameworks/WidgetKit.framework; sourceTree = SDKROOT; };
		D3E9C3162BC0479C00D10A65 /* SwiftUI.framework */ = {isa = PBXFileReference; lastKnownFileType = wrapper.framework; name = SwiftUI.framework; path = System/Library/Frameworks/SwiftUI.framework; sourceTree = SDKROOT; };
		D3E9C3192BC0479C00D10A65 /* SwiftCalWidgetBundle.swift */ = {isa = PBXFileReference; lastKnownFileType = sourcecode.swift; path = SwiftCalWidgetBundle.swift; sourceTree = "<group>"; };
		D3E9C31B2BC0479C00D10A65 /* SwiftCalWidget.swift */ = {isa = PBXFileReference; lastKnownFileType = sourcecode.swift; path = SwiftCalWidget.swift; sourceTree = "<group>"; };
		D3E9C31D2BC0479D00D10A65 /* Assets.xcassets */ = {isa = PBXFileReference; lastKnownFileType = folder.assetcatalog; path = Assets.xcassets; sourceTree = "<group>"; };
		D3E9C31F2BC0479D00D10A65 /* Info.plist */ = {isa = PBXFileReference; lastKnownFileType = text.plist.xml; path = Info.plist; sourceTree = "<group>"; };
		D3E9C3272BC047DD00D10A65 /* SwiftCal.entitlements */ = {isa = PBXFileReference; lastKnownFileType = text.plist.entitlements; path = SwiftCal.entitlements; sourceTree = "<group>"; };
		D3E9C3282BC0482F00D10A65 /* SwiftCalWidgetExtension.entitlements */ = {isa = PBXFileReference; lastKnownFileType = text.plist.entitlements; path = SwiftCalWidgetExtension.entitlements; sourceTree = "<group>"; };
		D3E9C3292BC04F0400D10A65 /* CalendarHeaderView.swift */ = {isa = PBXFileReference; lastKnownFileType = sourcecode.swift; path = CalendarHeaderView.swift; sourceTree = "<group>"; };
/* End PBXFileReference section */

/* Begin PBXFrameworksBuildPhase section */
		D325E0F72BBF338E00415D28 /* Frameworks */ = {
			isa = PBXFrameworksBuildPhase;
			buildActionMask = 2147483647;
			files = (
			);
			runOnlyForDeploymentPostprocessing = 0;
		};
		D3E9C30F2BC0479C00D10A65 /* Frameworks */ = {
			isa = PBXFrameworksBuildPhase;
			buildActionMask = 2147483647;
			files = (
				D3E9C3172BC0479C00D10A65 /* SwiftUI.framework in Frameworks */,
				D3E9C3152BC0479C00D10A65 /* WidgetKit.framework in Frameworks */,
			);
			runOnlyForDeploymentPostprocessing = 0;
		};
/* End PBXFrameworksBuildPhase section */

/* Begin PBXGroup section */
		D325E0F12BBF338E00415D28 = {
			isa = PBXGroup;
			children = (
				D3E9C3282BC0482F00D10A65 /* SwiftCalWidgetExtension.entitlements */,
				D325E0FC2BBF338E00415D28 /* SwiftCal */,
				D3E9C3182BC0479C00D10A65 /* SwiftCalWidget */,
				D3E9C3132BC0479C00D10A65 /* Frameworks */,
				D325E0FB2BBF338E00415D28 /* Products */,
			);
			sourceTree = "<group>";
		};
		D325E0FB2BBF338E00415D28 /* Products */ = {
			isa = PBXGroup;
			children = (
				D325E0FA2BBF338E00415D28 /* SwiftCal.app */,
				D3E9C3122BC0479C00D10A65 /* SwiftCalWidgetExtension.appex */,
			);
			name = Products;
			sourceTree = "<group>";
		};
		D325E0FC2BBF338E00415D28 /* SwiftCal */ = {
			isa = PBXGroup;
			children = (
				D3E9C3272BC047DD00D10A65 /* SwiftCal.entitlements */,
				D325E0FD2BBF338E00415D28 /* SwiftCalApp.swift */,
				D325E0FF2BBF338E00415D28 /* CalendarView.swift */,
				D3E9C3292BC04F0400D10A65 /* CalendarHeaderView.swift */,
				D3E9C30C2BC042B600D10A65 /* StreakView.swift */,
				D3E9C30A2BC03A5400D10A65 /* Date+Ext.swift */,
				D325E1012BBF338F00415D28 /* Assets.xcassets */,
				D325E1062BBF338F00415D28 /* Persistence.swift */,
				D325E1082BBF338F00415D28 /* SwiftCal.xcdatamodeld */,
				D325E1032BBF338F00415D28 /* Preview Content */,
			);
			path = SwiftCal;
			sourceTree = "<group>";
		};
		D325E1032BBF338F00415D28 /* Preview Content */ = {
			isa = PBXGroup;
			children = (
				D325E1042BBF338F00415D28 /* Preview Assets.xcassets */,
			);
			path = "Preview Content";
			sourceTree = "<group>";
		};
		D3E9C3132BC0479C00D10A65 /* Frameworks */ = {
			isa = PBXGroup;
			children = (
				D3E9C3142BC0479C00D10A65 /* WidgetKit.framework */,
				D3E9C3162BC0479C00D10A65 /* SwiftUI.framework */,
			);
			name = Frameworks;
			sourceTree = "<group>";
		};
		D3E9C3182BC0479C00D10A65 /* SwiftCalWidget */ = {
			isa = PBXGroup;
			children = (
				D3E9C3192BC0479C00D10A65 /* SwiftCalWidgetBundle.swift */,
				D3E9C31B2BC0479C00D10A65 /* SwiftCalWidget.swift */,
				D3E9C31D2BC0479D00D10A65 /* Assets.xcassets */,
				D3E9C31F2BC0479D00D10A65 /* Info.plist */,
			);
			path = SwiftCalWidget;
			sourceTree = "<group>";
		};
/* End PBXGroup section */

/* Begin PBXNativeTarget section */
		D325E0F92BBF338E00415D28 /* SwiftCal */ = {
			isa = PBXNativeTarget;
			buildConfigurationList = D325E10D2BBF338F00415D28 /* Build configuration list for PBXNativeTarget "SwiftCal" */;
			buildPhases = (
				D325E0F62BBF338E00415D28 /* Sources */,
				D325E0F72BBF338E00415D28 /* Frameworks */,
				D325E0F82BBF338E00415D28 /* Resources */,
				D3E9C3262BC0479D00D10A65 /* Embed Foundation Extensions */,
			);
			buildRules = (
			);
			dependencies = (
				D3E9C3212BC0479D00D10A65 /* PBXTargetDependency */,
			);
			name = SwiftCal;
			productName = SwiftCal;
			productReference = D325E0FA2BBF338E00415D28 /* SwiftCal.app */;
			productType = "com.apple.product-type.application";
		};
		D3E9C3112BC0479C00D10A65 /* SwiftCalWidgetExtension */ = {
			isa = PBXNativeTarget;
			buildConfigurationList = D3E9C3232BC0479D00D10A65 /* Build configuration list for PBXNativeTarget "SwiftCalWidgetExtension" */;
			buildPhases = (
				D3E9C30E2BC0479C00D10A65 /* Sources */,
				D3E9C30F2BC0479C00D10A65 /* Frameworks */,
				D3E9C3102BC0479C00D10A65 /* Resources */,
			);
			buildRules = (
			);
			dependencies = (
			);
			name = SwiftCalWidgetExtension;
			productName = SwiftCalWidgetExtension;
			productReference = D3E9C3122BC0479C00D10A65 /* SwiftCalWidgetExtension.appex */;
			productType = "com.apple.product-type.app-extension";
		};
/* End PBXNativeTarget section */

/* Begin PBXProject section */
		D325E0F22BBF338E00415D28 /* Project object */ = {
			isa = PBXProject;
			attributes = {
				BuildIndependentTargetsInParallel = 1;
				LastSwiftUpdateCheck = 1530;
				LastUpgradeCheck = 1530;
				TargetAttributes = {
					D325E0F92BBF338E00415D28 = {
						CreatedOnToolsVersion = 15.3;
					};
					D3E9C3112BC0479C00D10A65 = {
						CreatedOnToolsVersion = 15.3;
					};
				};
			};
			buildConfigurationList = D325E0F52BBF338E00415D28 /* Build configuration list for PBXProject "SwiftCal" */;
			compatibilityVersion = "Xcode 14.0";
			developmentRegion = en;
			hasScannedForEncodings = 0;
			knownRegions = (
				en,
				Base,
			);
			mainGroup = D325E0F12BBF338E00415D28;
			productRefGroup = D325E0FB2BBF338E00415D28 /* Products */;
			projectDirPath = "";
			projectRoot = "";
			targets = (
				D325E0F92BBF338E00415D28 /* SwiftCal */,
				D3E9C3112BC0479C00D10A65 /* SwiftCalWidgetExtension */,
			);
		};
/* End PBXProject section */

/* Begin PBXResourcesBuildPhase section */
		D325E0F82BBF338E00415D28 /* Resources */ = {
			isa = PBXResourcesBuildPhase;
			buildActionMask = 2147483647;
			files = (
				D325E1052BBF338F00415D28 /* Preview Assets.xcassets in Resources */,
				D325E1022BBF338F00415D28 /* Assets.xcassets in Resources */,
			);
			runOnlyForDeploymentPostprocessing = 0;
		};
		D3E9C3102BC0479C00D10A65 /* Resources */ = {
			isa = PBXResourcesBuildPhase;
			buildActionMask = 2147483647;
			files = (
				D3E9C31E2BC0479D00D10A65 /* Assets.xcassets in Resources */,
			);
			runOnlyForDeploymentPostprocessing = 0;
		};
/* End PBXResourcesBuildPhase section */

/* Begin PBXSourcesBuildPhase section */
		D325E0F62BBF338E00415D28 /* Sources */ = {
			isa = PBXSourcesBuildPhase;
			buildActionMask = 2147483647;
			files = (
				D3E9C30D2BC042B600D10A65 /* StreakView.swift in Sources */,
				D325E1072BBF338F00415D28 /* Persistence.swift in Sources */,
				D3E9C32A2BC04F0400D10A65 /* CalendarHeaderView.swift in Sources */,
				D325E1002BBF338E00415D28 /* CalendarView.swift in Sources */,
				D325E10A2BBF338F00415D28 /* SwiftCal.xcdatamodeld in Sources */,
				D325E0FE2BBF338E00415D28 /* SwiftCalApp.swift in Sources */,
				D3E9C30B2BC03A5400D10A65 /* Date+Ext.swift in Sources */,
			);
			runOnlyForDeploymentPostprocessing = 0;
		};
		D3E9C30E2BC0479C00D10A65 /* Sources */ = {
			isa = PBXSourcesBuildPhase;
			buildActionMask = 2147483647;
			files = (
				D3E9C31C2BC0479C00D10A65 /* SwiftCalWidget.swift in Sources */,
				D3E9C32B2BC04F0400D10A65 /* CalendarHeaderView.swift in Sources */,
				D3E9C32C2BC5744000D10A65 /* SwiftCal.xcdatamodeld in Sources */,
				D3439A292BC575B700DF882A /* Persistence.swift in Sources */,
				D3E9C31A2BC0479C00D10A65 /* SwiftCalWidgetBundle.swift in Sources */,
				D3E9C32D2BC5751700D10A65 /* Date+Ext.swift in Sources */,
			);
			runOnlyForDeploymentPostprocessing = 0;
		};
/* End PBXSourcesBuildPhase section */

/* Begin PBXTargetDependency section */
		D3E9C3212BC0479D00D10A65 /* PBXTargetDependency */ = {
			isa = PBXTargetDependency;
			target = D3E9C3112BC0479C00D10A65 /* SwiftCalWidgetExtension */;
			targetProxy = D3E9C3202BC0479D00D10A65 /* PBXContainerItemProxy */;
		};
/* End PBXTargetDependency section */

/* Begin XCBuildConfiguration section */
		D325E10B2BBF338F00415D28 /* Debug */ = {
			isa = XCBuildConfiguration;
			buildSettings = {
				ALWAYS_SEARCH_USER_PATHS = NO;
				ASSETCATALOG_COMPILER_GENERATE_SWIFT_ASSET_SYMBOL_EXTENSIONS = YES;
				CLANG_ANALYZER_NONNULL = YES;
				CLANG_ANALYZER_NUMBER_OBJECT_CONVERSION = YES_AGGRESSIVE;
				CLANG_CXX_LANGUAGE_STANDARD = "gnu++20";
				CLANG_ENABLE_MODULES = YES;
				CLANG_ENABLE_OBJC_ARC = YES;
				CLANG_ENABLE_OBJC_WEAK = YES;
				CLANG_WARN_BLOCK_CAPTURE_AUTORELEASING = YES;
				CLANG_WARN_BOOL_CONVERSION = YES;
				CLANG_WARN_COMMA = YES;
				CLANG_WARN_CONSTANT_CONVERSION = YES;
				CLANG_WARN_DEPRECATED_OBJC_IMPLEMENTATIONS = YES;
				CLANG_WARN_DIRECT_OBJC_ISA_USAGE = YES_ERROR;
				CLANG_WARN_DOCUMENTATION_COMMENTS = YES;
				CLANG_WARN_EMPTY_BODY = YES;
				CLANG_WARN_ENUM_CONVERSION = YES;
				CLANG_WARN_INFINITE_RECURSION = YES;
				CLANG_WARN_INT_CONVERSION = YES;
				CLANG_WARN_NON_LITERAL_NULL_CONVERSION = YES;
				CLANG_WARN_OBJC_IMPLICIT_RETAIN_SELF = YES;
				CLANG_WARN_OBJC_LITERAL_CONVERSION = YES;
				CLANG_WARN_OBJC_ROOT_CLASS = YES_ERROR;
				CLANG_WARN_QUOTED_INCLUDE_IN_FRAMEWORK_HEADER = YES;
				CLANG_WARN_RANGE_LOOP_ANALYSIS = YES;
				CLANG_WARN_STRICT_PROTOTYPES = YES;
				CLANG_WARN_SUSPICIOUS_MOVE = YES;
				CLANG_WARN_UNGUARDED_AVAILABILITY = YES_AGGRESSIVE;
				CLANG_WARN_UNREACHABLE_CODE = YES;
				CLANG_WARN__DUPLICATE_METHOD_MATCH = YES;
				COPY_PHASE_STRIP = NO;
				DEBUG_INFORMATION_FORMAT = dwarf;
				ENABLE_STRICT_OBJC_MSGSEND = YES;
				ENABLE_TESTABILITY = YES;
				ENABLE_USER_SCRIPT_SANDBOXING = YES;
				GCC_C_LANGUAGE_STANDARD = gnu17;
				GCC_DYNAMIC_NO_PIC = NO;
				GCC_NO_COMMON_BLOCKS = YES;
				GCC_OPTIMIZATION_LEVEL = 0;
				GCC_PREPROCESSOR_DEFINITIONS = (
					"DEBUG=1",
					"$(inherited)",
				);
				GCC_WARN_64_TO_32_BIT_CONVERSION = YES;
				GCC_WARN_ABOUT_RETURN_TYPE = YES_ERROR;
				GCC_WARN_UNDECLARED_SELECTOR = YES;
				GCC_WARN_UNINITIALIZED_AUTOS = YES_AGGRESSIVE;
				GCC_WARN_UNUSED_FUNCTION = YES;
				GCC_WARN_UNUSED_VARIABLE = YES;
				IPHONEOS_DEPLOYMENT_TARGET = 17.4;
				LOCALIZATION_PREFERS_STRING_CATALOGS = YES;
				MTL_ENABLE_DEBUG_INFO = INCLUDE_SOURCE;
				MTL_FAST_MATH = YES;
				ONLY_ACTIVE_ARCH = YES;
				SDKROOT = iphoneos;
				SWIFT_ACTIVE_COMPILATION_CONDITIONS = "DEBUG $(inherited)";
				SWIFT_OPTIMIZATION_LEVEL = "-Onone";
			};
			name = Debug;
		};
		D325E10C2BBF338F00415D28 /* Release */ = {
			isa = XCBuildConfiguration;
			buildSettings = {
				ALWAYS_SEARCH_USER_PATHS = NO;
				ASSETCATALOG_COMPILER_GENERATE_SWIFT_ASSET_SYMBOL_EXTENSIONS = YES;
				CLANG_ANALYZER_NONNULL = YES;
				CLANG_ANALYZER_NUMBER_OBJECT_CONVERSION = YES_AGGRESSIVE;
				CLANG_CXX_LANGUAGE_STANDARD = "gnu++20";
				CLANG_ENABLE_MODULES = YES;
				CLANG_ENABLE_OBJC_ARC = YES;
				CLANG_ENABLE_OBJC_WEAK = YES;
				CLANG_WARN_BLOCK_CAPTURE_AUTORELEASING = YES;
				CLANG_WARN_BOOL_CONVERSION = YES;
				CLANG_WARN_COMMA = YES;
				CLANG_WARN_CONSTANT_CONVERSION = YES;
				CLANG_WARN_DEPRECATED_OBJC_IMPLEMENTATIONS = YES;
				CLANG_WARN_DIRECT_OBJC_ISA_USAGE = YES_ERROR;
				CLANG_WARN_DOCUMENTATION_COMMENTS = YES;
				CLANG_WARN_EMPTY_BODY = YES;
				CLANG_WARN_ENUM_CONVERSION = YES;
				CLANG_WARN_INFINITE_RECURSION = YES;
				CLANG_WARN_INT_CONVERSION = YES;
				CLANG_WARN_NON_LITERAL_NULL_CONVERSION = YES;
				CLANG_WARN_OBJC_IMPLICIT_RETAIN_SELF = YES;
				CLANG_WARN_OBJC_LITERAL_CONVERSION = YES;
				CLANG_WARN_OBJC_ROOT_CLASS = YES_ERROR;
				CLANG_WARN_QUOTED_INCLUDE_IN_FRAMEWORK_HEADER = YES;
				CLANG_WARN_RANGE_LOOP_ANALYSIS = YES;
				CLANG_WARN_STRICT_PROTOTYPES = YES;
				CLANG_WARN_SUSPICIOUS_MOVE = YES;
				CLANG_WARN_UNGUARDED_AVAILABILITY = YES_AGGRESSIVE;
				CLANG_WARN_UNREACHABLE_CODE = YES;
				CLANG_WARN__DUPLICATE_METHOD_MATCH = YES;
				COPY_PHASE_STRIP = NO;
				DEBUG_INFORMATION_FORMAT = "dwarf-with-dsym";
				ENABLE_NS_ASSERTIONS = NO;
				ENABLE_STRICT_OBJC_MSGSEND = YES;
				ENABLE_USER_SCRIPT_SANDBOXING = YES;
				GCC_C_LANGUAGE_STANDARD = gnu17;
				GCC_NO_COMMON_BLOCKS = YES;
				GCC_WARN_64_TO_32_BIT_CONVERSION = YES;
				GCC_WARN_ABOUT_RETURN_TYPE = YES_ERROR;
				GCC_WARN_UNDECLARED_SELECTOR = YES;
				GCC_WARN_UNINITIALIZED_AUTOS = YES_AGGRESSIVE;
				GCC_WARN_UNUSED_FUNCTION = YES;
				GCC_WARN_UNUSED_VARIABLE = YES;
				IPHONEOS_DEPLOYMENT_TARGET = 17.4;
				LOCALIZATION_PREFERS_STRING_CATALOGS = YES;
				MTL_ENABLE_DEBUG_INFO = NO;
				MTL_FAST_MATH = YES;
				SDKROOT = iphoneos;
				SWIFT_COMPILATION_MODE = wholemodule;
				VALIDATE_PRODUCT = YES;
			};
			name = Release;
		};
		D325E10E2BBF338F00415D28 /* Debug */ = {
			isa = XCBuildConfiguration;
			buildSettings = {
				ALWAYS_EMBED_SWIFT_STANDARD_LIBRARIES = YES;
				ASSETCATALOG_COMPILER_APPICON_NAME = AppIcon;
				ASSETCATALOG_COMPILER_GLOBAL_ACCENT_COLOR_NAME = AccentColor;
				CODE_SIGN_ENTITLEMENTS = SwiftCal/SwiftCal.entitlements;
				CODE_SIGN_STYLE = Automatic;
				CURRENT_PROJECT_VERSION = 1;
				DEVELOPMENT_ASSET_PATHS = "\"SwiftCal/Preview Content\"";
				DEVELOPMENT_TEAM = FT544A278F;
				ENABLE_PREVIEWS = YES;
				GENERATE_INFOPLIST_FILE = YES;
				INFOPLIST_KEY_UIApplicationSceneManifest_Generation = YES;
				INFOPLIST_KEY_UIApplicationSupportsIndirectInputEvents = YES;
				INFOPLIST_KEY_UILaunchScreen_Generation = YES;
				INFOPLIST_KEY_UISupportedInterfaceOrientations_iPad = "UIInterfaceOrientationPortrait UIInterfaceOrientationPortraitUpsideDown UIInterfaceOrientationLandscapeLeft UIInterfaceOrientationLandscapeRight";
				INFOPLIST_KEY_UISupportedInterfaceOrientations_iPhone = "UIInterfaceOrientationPortrait UIInterfaceOrientationLandscapeLeft UIInterfaceOrientationLandscapeRight";
				LD_RUNPATH_SEARCH_PATHS = (
					"$(inherited)",
					"@executable_path/Frameworks",
				);
				MARKETING_VERSION = 1.0;
				PRODUCT_BUNDLE_IDENTIFIER = com.semperphoenix.SwiftCal;
				PRODUCT_NAME = "$(TARGET_NAME)";
				SWIFT_EMIT_LOC_STRINGS = YES;
				SWIFT_VERSION = 5.0;
				TARGETED_DEVICE_FAMILY = "1,2";
			};
			name = Debug;
		};
		D325E10F2BBF338F00415D28 /* Release */ = {
			isa = XCBuildConfiguration;
			buildSettings = {
				ALWAYS_EMBED_SWIFT_STANDARD_LIBRARIES = YES;
				ASSETCATALOG_COMPILER_APPICON_NAME = AppIcon;
				ASSETCATALOG_COMPILER_GLOBAL_ACCENT_COLOR_NAME = AccentColor;
				CODE_SIGN_ENTITLEMENTS = SwiftCal/SwiftCal.entitlements;
				CODE_SIGN_STYLE = Automatic;
				CURRENT_PROJECT_VERSION = 1;
				DEVELOPMENT_ASSET_PATHS = "\"SwiftCal/Preview Content\"";
				DEVELOPMENT_TEAM = FT544A278F;
				ENABLE_PREVIEWS = YES;
				GENERATE_INFOPLIST_FILE = YES;
				INFOPLIST_KEY_UIApplicationSceneManifest_Generation = YES;
				INFOPLIST_KEY_UIApplicationSupportsIndirectInputEvents = YES;
				INFOPLIST_KEY_UILaunchScreen_Generation = YES;
				INFOPLIST_KEY_UISupportedInterfaceOrientations_iPad = "UIInterfaceOrientationPortrait UIInterfaceOrientationPortraitUpsideDown UIInterfaceOrientationLandscapeLeft UIInterfaceOrientationLandscapeRight";
				INFOPLIST_KEY_UISupportedInterfaceOrientations_iPhone = "UIInterfaceOrientationPortrait UIInterfaceOrientationLandscapeLeft UIInterfaceOrientationLandscapeRight";
				LD_RUNPATH_SEARCH_PATHS = (
					"$(inherited)",
					"@executable_path/Frameworks",
				);
				MARKETING_VERSION = 1.0;
				PRODUCT_BUNDLE_IDENTIFIER = com.semperphoenix.SwiftCal;
				PRODUCT_NAME = "$(TARGET_NAME)";
				SWIFT_EMIT_LOC_STRINGS = YES;
				SWIFT_VERSION = 5.0;
				TARGETED_DEVICE_FAMILY = "1,2";
			};
			name = Release;
		};
		D3E9C3242BC0479D00D10A65 /* Debug */ = {
			isa = XCBuildConfiguration;
			buildSettings = {
				ASSETCATALOG_COMPILER_GLOBAL_ACCENT_COLOR_NAME = AccentColor;
				ASSETCATALOG_COMPILER_WIDGET_BACKGROUND_COLOR_NAME = WidgetBackground;
				CODE_SIGN_ENTITLEMENTS = SwiftCalWidgetExtension.entitlements;
				CODE_SIGN_STYLE = Automatic;
				CURRENT_PROJECT_VERSION = 1;
				DEVELOPMENT_TEAM = FT544A278F;
				GENERATE_INFOPLIST_FILE = YES;
				INFOPLIST_FILE = SwiftCalWidget/Info.plist;
				INFOPLIST_KEY_CFBundleDisplayName = SwiftCalWidget;
				INFOPLIST_KEY_NSHumanReadableCopyright = "";
				LD_RUNPATH_SEARCH_PATHS = (
					"$(inherited)",
					"@executable_path/Frameworks",
					"@executable_path/../../Frameworks",
				);
				MARKETING_VERSION = 1.0;
				PRODUCT_BUNDLE_IDENTIFIER = com.semperphoenix.SwiftCal.SwiftCalWidget;
				PRODUCT_NAME = "$(TARGET_NAME)";
				SKIP_INSTALL = YES;
				SWIFT_EMIT_LOC_STRINGS = YES;
				SWIFT_VERSION = 5.0;
				TARGETED_DEVICE_FAMILY = "1,2";
			};
			name = Debug;
		};
		D3E9C3252BC0479D00D10A65 /* Release */ = {
			isa = XCBuildConfiguration;
			buildSettings = {
				ASSETCATALOG_COMPILER_GLOBAL_ACCENT_COLOR_NAME = AccentColor;
				ASSETCATALOG_COMPILER_WIDGET_BACKGROUND_COLOR_NAME = WidgetBackground;
				CODE_SIGN_ENTITLEMENTS = SwiftCalWidgetExtension.entitlements;
				CODE_SIGN_STYLE = Automatic;
				CURRENT_PROJECT_VERSION = 1;
				DEVELOPMENT_TEAM = FT544A278F;
				GENERATE_INFOPLIST_FILE = YES;
				INFOPLIST_FILE = SwiftCalWidget/Info.plist;
				INFOPLIST_KEY_CFBundleDisplayName = SwiftCalWidget;
				INFOPLIST_KEY_NSHumanReadableCopyright = "";
				LD_RUNPATH_SEARCH_PATHS = (
					"$(inherited)",
					"@executable_path/Frameworks",
					"@executable_path/../../Frameworks",
				);
				MARKETING_VERSION = 1.0;
				PRODUCT_BUNDLE_IDENTIFIER = com.semperphoenix.SwiftCal.SwiftCalWidget;
				PRODUCT_NAME = "$(TARGET_NAME)";
				SKIP_INSTALL = YES;
				SWIFT_EMIT_LOC_STRINGS = YES;
				SWIFT_VERSION = 5.0;
				TARGETED_DEVICE_FAMILY = "1,2";
			};
			name = Release;
		};
/* End XCBuildConfiguration section */

/* Begin XCConfigurationList section */
		D325E0F52BBF338E00415D28 /* Build configuration list for PBXProject "SwiftCal" */ = {
			isa = XCConfigurationList;
			buildConfigurations = (
				D325E10B2BBF338F00415D28 /* Debug */,
				D325E10C2BBF338F00415D28 /* Release */,
			);
			defaultConfigurationIsVisible = 0;
			defaultConfigurationName = Release;
		};
		D325E10D2BBF338F00415D28 /* Build configuration list for PBXNativeTarget "SwiftCal" */ = {
			isa = XCConfigurationList;
			buildConfigurations = (
				D325E10E2BBF338F00415D28 /* Debug */,
				D325E10F2BBF338F00415D28 /* Release */,
			);
			defaultConfigurationIsVisible = 0;
			defaultConfigurationName = Release;
		};
		D3E9C3232BC0479D00D10A65 /* Build configuration list for PBXNativeTarget "SwiftCalWidgetExtension" */ = {
			isa = XCConfigurationList;
			buildConfigurations = (
				D3E9C3242BC0479D00D10A65 /* Debug */,
				D3E9C3252BC0479D00D10A65 /* Release */,
			);
			defaultConfigurationIsVisible = 0;
			defaultConfigurationName = Release;
		};
/* End XCConfigurationList section */

/* Begin XCVersionGroup section */
		D325E1082BBF338F00415D28 /* SwiftCal.xcdatamodeld */ = {
			isa = XCVersionGroup;
			children = (
				D325E1092BBF338F00415D28 /* SwiftCal.xcdatamodel */,
			);
			currentVersion = D325E1092BBF338F00415D28 /* SwiftCal.xcdatamodel */;
			path = SwiftCal.xcdatamodeld;
			sourceTree = "<group>";
			versionGroupType = wrapper.xcdatamodel;
		};
/* End XCVersionGroup section */
	};
	rootObject = D325E0F22BBF338E00415D28 /* Project object */;
}
